
Microsoft Visual Studio Solution File, Format Version 12.00
# Visual Studio Version 16
VisualStudioVersion = 16.0.31321.278
MinimumVisualStudioVersion = 10.0.40219.1
Project("{FAE04EC0-301F-11D3-BF4B-00C04F79EFBC}") = "Retail.Entities", "Retail.Entities\Retail.Entities.csproj", "{09175ADF-5A54-4EA2-B653-7E69160295B5}"
EndProject
Project("{FAE04EC0-301F-11D3-BF4B-00C04F79EFBC}") = "Retail.DataAccess", "Retail.DataAccess\Retail.DataAccess.csproj", "{D11FBE21-1661-4CF9-834A-25DA41D76406}"
EndProject
Project("{FAE04EC0-301F-11D3-BF4B-00C04F79EFBC}") = "Retail.Business", "Retail.Business\Retail.Business.csproj", "{2FFBF96B-1710-4C52-B019-3B8973788AE4}"
EndProject
Project("{FAE04EC0-301F-11D3-BF4B-00C04F79EFBC}") = "Retail.Core", "Retail.Core\Retail.Core.csproj", "{371A052F-71A0-4923-8627-081052AF61C0}"
EndProject
Project("{FAE04EC0-301F-11D3-BF4B-00C04F79EFBC}") = "Retail.API", "Retail.API\Retail.API.csproj", "{77DC1642-52E4-423A-8384-CE4BD20046BA}"
EndProject
Global
	GlobalSection(SolutionConfigurationPlatforms) = preSolution
		Debug|Any CPU = Debug|Any CPU
		Release|Any CPU = Release|Any CPU
	EndGlobalSection
	GlobalSection(ProjectConfigurationPlatforms) = postSolution
		{09175ADF-5A54-4EA2-B653-7E69160295B5}.Debug|Any CPU.ActiveCfg = Debug|Any CPU
		{09175ADF-5A54-4EA2-B653-7E69160295B5}.Debug|Any CPU.Build.0 = Debug|Any CPU
		{09175ADF-5A54-4EA2-B653-7E69160295B5}.Release|Any CPU.ActiveCfg = Release|Any CPU
		{09175ADF-5A54-4EA2-B653-7E69160295B5}.Release|Any CPU.Build.0 = Release|Any CPU
		{D11FBE21-1661-4CF9-834A-25DA41D76406}.Debug|Any CPU.ActiveCfg = Debug|Any CPU
		{D11FBE21-1661-4CF9-834A-25DA41D76406}.Debug|Any CPU.Build.0 = Debug|Any CPU
		{D11FBE21-1661-4CF9-834A-25DA41D76406}.Release|Any CPU.ActiveCfg = Release|Any CPU
		{D11FBE21-1661-4CF9-834A-25DA41D76406}.Release|Any CPU.Build.0 = Release|Any CPU
		{2FFBF96B-1710-4C52-B019-3B8973788AE4}.Debug|Any CPU.ActiveCfg = Debug|Any CPU
		{2FFBF96B-1710-4C52-B019-3B8973788AE4}.Debug|Any CPU.Build.0 = Debug|Any CPU
		{2FFBF96B-1710-4C52-B019-3B8973788AE4}.Release|Any CPU.ActiveCfg = Release|Any CPU
		{2FFBF96B-1710-4C52-B019-3B8973788AE4}.Release|Any CPU.Build.0 = Release|Any CPU
		{371A052F-71A0-4923-8627-081052AF61C0}.Debug|Any CPU.ActiveCfg = Debug|Any CPU
		{371A052F-71A0-4923-8627-081052AF61C0}.Debug|Any CPU.Build.0 = Debug|Any CPU
		{371A052F-71A0-4923-8627-081052AF61C0}.Release|Any CPU.ActiveCfg = Release|Any CPU
		{371A052F-71A0-4923-8627-081052AF61C0}.Release|Any CPU.Build.0 = Release|Any CPU
		{77DC1642-52E4-423A-8384-CE4BD20046BA}.Debug|Any CPU.ActiveCfg = Debug|Any CPU
		{77DC1642-52E4-423A-8384-CE4BD20046BA}.Debug|Any CPU.Build.0 = Debug|Any CPU
		{77DC1642-52E4-423A-8384-CE4BD20046BA}.Release|Any CPU.ActiveCfg = Release|Any CPU
		{77DC1642-52E4-423A-8384-CE4BD20046BA}.Release|Any CPU.Build.0 = Release|Any CPU
	EndGlobalSection
	GlobalSection(SolutionProperties) = preSolution
		HideSolutionNode = FALSE
	EndGlobalSection
	GlobalSection(ExtensibilityGlobals) = postSolution
		SolutionGuid = {80186A18-023D-4D98-B79B-D33ED6184EC4}
	EndGlobalSection
EndGlobal
